# THIS IS AN AUTOGENERATED FILE. DO NOT EDIT THIS FILE DIRECTLY.
# yarn lockfile v1


"@gfx/zopfli@^1.0.14":
  version "1.0.15"
  resolved "https://registry.yarnpkg.com/@gfx/zopfli/-/zopfli-1.0.15.tgz#00720b4f6a4d5ceeb585a5d6dd672b48bd4fc755"
  integrity sha512-7mBgpi7UD82fsff5ThQKet0uBTl4BYerQuc+/qA1ELTwWEiIedRTcD3JgiUu9wwZ2kytW8JOb165rSdAt8PfcQ==
  dependencies:
    base64-js "^1.3.0"

base64-js@^1.3.0:
  version "1.5.1"
  resolved "https://registry.yarnpkg.com/base64-js/-/base64-js-1.5.1.tgz#1b1b440160a5bf7ad40b650f095963481903930a"
  integrity sha512-AKpaYlHn8t4SVbOHCy+b5+KKgvR4vrsD8vbvrbiQJps7fKDTkjkDry6ji0rUJjC0kzbNePLwzxq8iypo41qeWA==

core-js@^3.6.4:
  version "3.29.0"
  resolved "https://registry.yarnpkg.com/core-js/-/core-js-3.29.0.tgz#0273e142b67761058bcde5615c503c7406b572d6"
  integrity sha512-VG23vuEisJNkGl6XQmFJd3rEG/so/CNatqeE+7uZAwTSwFeB/qaO0be8xZYUNWprJ/GIwL8aMt9cj1kvbpTZhg==

spark-md5@^3.0.1:
  version "3.0.2"
  resolved "https://registry.yarnpkg.com/spark-md5/-/spark-md5-3.0.2.tgz#7952c4a30784347abcee73268e473b9c0167e3fc"
  integrity sha512-wcFzz9cDfbuqe0FZzfi2or1sgyIrsDwmPwfZC4hiNidPdPINjeUwNfv5kldczoEAcjl9Y1L3SM7Uz2PUEQzxQw==
